{
    "_readme": [
        "This file locks the dependencies of your project to a known state",
        "Read more about it at https://getcomposer.org/doc/01-basic-usage.md#installing-dependencies",
        "This file is @generated automatically"
    ],
    "content-hash": "4d0e41d7bdfc5c01195fac0657dbfe24",
    "packages": [
        {
            "name": "phar-io/version",
            "version": "3.2.1",
            "source": {
                "type": "git",
                "url": "https://github.com/phar-io/version.git",
                "reference": "4f7fd7836c6f332bb2933569e566a0d6c4cbed74"
            },
            "dist": {
                "type": "zip",
                "url": "https://api.github.com/repos/phar-io/version/zipball/4f7fd7836c6f332bb2933569e566a0d6c4cbed74",
                "reference": "4f7fd7836c6f332bb2933569e566a0d6c4cbed74",
                "shasum": ""
            },
            "require": {
                "php": "^7.2 || ^8.0"
            },
            "type": "library",
            "autoload": {
                "classmap": [
                    "src/"
                ]
            },
            "notification-url": "https://packagist.org/downloads/",
            "license": [
                "BSD-3-Clause"
            ],
            "authors": [
                {
                    "name": "Arne Blankerts",
                    "email": "arne@blankerts.de",
                    "role": "Developer"
                },
                {
                    "name": "Sebastian Heuer",
                    "email": "sebastian@phpeople.de",
                    "role": "Developer"
                },
                {
                    "name": "Sebastian Bergmann",
                    "email": "sebastian@phpunit.de",
                    "role": "Developer"
                }
            ],
            "description": "Library for handling version information and constraints",
            "support": {
                "issues": "https://github.com/phar-io/version/issues",
                "source": "https://github.com/phar-io/version/tree/3.2.1"
            },
            "time": "2022-02-21T01:04:05+00:00"
        },
        {
            "name": "phpat/phpat",
            "version": "0.12.4",
            "source": {
                "type": "git",
                "url": "https://github.com/carlosas/phpat.git",
                "reference": "5319264270c335f548451209bb0f32b55aa59924"
            },
            "dist": {
                "type": "zip",
                "url": "https://api.github.com/repos/carlosas/phpat/zipball/5319264270c335f548451209bb0f32b55aa59924",
                "reference": "5319264270c335f548451209bb0f32b55aa59924",
                "shasum": ""
            },
            "require": {
                "php": "^8.1",
                "phpstan/phpstan": "^2.1"
            },
            "require-dev": {
                "friendsofphp/php-cs-fixer": "^3.87",
                "kubawerlos/php-cs-fixer-custom-fixers": "3.32.*",
                "phpunit/phpunit": "^10.5",
                "vimeo/psalm": "^6.13"
            },
            "type": "phpstan-extension",
            "extra": {
                "phpstan": {
                    "includes": [
                        "extension.neon"
                    ]
                }
            },
            "autoload": {
                "files": [
                    "helpers.php"
                ],
                "psr-4": {
                    "PHPat\\": "src/"
                }
            },
            "notification-url": "https://packagist.org/downloads/",
            "license": [
                "MIT"
            ],
            "authors": [
                {
                    "name": "Carlos Alandete Sastre",
                    "email": "carlos.alandete@gmail.com"
                }
            ],
            "description": "PHP Architecture Tester",
            "support": {
                "issues": "https://github.com/carlosas/phpat/issues",
                "source": "https://github.com/carlosas/phpat/tree/0.12.4"
            },
            "time": "2026-03-17T16:47:43+00:00"
        },
        {
            "name": "phpstan/extension-installer",
            "version": "1.4.3",
            "source": {
                "type": "git",
                "url": "https://github.com/phpstan/extension-installer.git",
                "reference": "85e90b3942d06b2326fba0403ec24fe912372936"
            },
            "dist": {
                "type": "zip",
                "url": "https://api.github.com/repos/phpstan/extension-installer/zipball/85e90b3942d06b2326fba0403ec24fe912372936",
                "reference": "85e90b3942d06b2326fba0403ec24fe912372936",
                "shasum": ""
            },
            "require": {
                "composer-plugin-api": "^2.0",
                "php": "^7.2 || ^8.0",
                "phpstan/phpstan": "^1.9.0 || ^2.0"
            },
            "require-dev": {
                "composer/composer": "^2.0",
                "php-parallel-lint/php-parallel-lint": "^1.2.0",
                "phpstan/phpstan-strict-rules": "^0.11 || ^0.12 || ^1.0"
            },
            "type": "composer-plugin",
            "extra": {
                "class": "PHPStan\\ExtensionInstaller\\Plugin"
            },
            "autoload": {
                "psr-4": {
                    "PHPStan\\ExtensionInstaller\\": "src/"
                }
            },
            "notification-url": "https://packagist.org/downloads/",
            "license": [
                "MIT"
            ],
            "description": "Composer plugin for automatic installation of PHPStan extensions",
            "keywords": [
                "dev",
                "static analysis"
            ],
            "support": {
                "issues": "https://github.com/phpstan/extension-installer/issues",
                "source": "https://github.com/phpstan/extension-installer/tree/1.4.3"
            },
            "time": "2024-09-04T20:21:43+00:00"
        },
        {
            "name": "phpstan/phpstan",
            "version": "2.2.3",
            "dist": {
                "type": "zip",
                "url": "https://api.github.com/repos/phpstan/phpstan/zipball/4048833dd47b377287818841877fb3087289509c",
                "reference": "4048833dd47b377287818841877fb3087289509c",
                "shasum": ""
            },
            "require": {
                "php": "^7.4|^8.0"
            },
            "conflict": {
                "phpstan/phpstan-shim": "*"
            },
            "bin": [
                "phpstan",
                "phpstan.phar"
            ],
            "type": "library",
            "autoload": {
                "files": [
                    "bootstrap.php"
                ]
            },
            "notification-url": "https://packagist.org/downloads/",
            "license": [
                "MIT"
            ],
            "authors": [
                {
                    "name": "Ondřej Mirtes"
                },
                {
                    "name": "Markus Staab"
                },
                {
                    "name": "Vincent Langlet"
                }
            ],
            "description": "PHPStan - PHP Static Analysis Tool",
            "keywords": [
                "dev",
                "static analysis"
            ],
            "support": {
                "docs": "https://phpstan.org/user-guide/getting-started",
                "forum": "https://github.com/phpstan/phpstan/discussions",
                "issues": "https://github.com/phpstan/phpstan/issues",
                "security": "https://github.com/phpstan/phpstan/security/policy",
                "source": "https://github.com/phpstan/phpstan-src"
            },
            "funding": [
                {
                    "url": "https://github.com/ondrejmirtes",
                    "type": "github"
                },
                {
                    "url": "https://github.com/phpstan",
                    "type": "github"
                }
            ],
            "time": "2026-06-30T21:15:26+00:00"
        },
        {
            "name": "phpstan/phpstan-deprecation-rules",
            "version": "2.0.5",
            "source": {
                "type": "git",
                "url": "https://github.com/phpstan/phpstan-deprecation-rules.git",
                "reference": "67bedd65c24bc72840afc45aed48b1059dd44bec"
            },
            "dist": {
                "type": "zip",
                "url": "https://api.github.com/repos/phpstan/phpstan-deprecation-rules/zipball/67bedd65c24bc72840afc45aed48b1059dd44bec",
                "reference": "67bedd65c24bc72840afc45aed48b1059dd44bec",
                "shasum": ""
            },
            "require": {
                "php": "^7.4 || ^8.0",
                "phpstan/phpstan": "^2.1.39"
            },
            "require-dev": {
                "php-parallel-lint/php-parallel-lint": "^1.2",
                "phpstan/phpstan-phpunit": "^2.0",
                "phpunit/phpunit": "^9.6",
                "shipmonk/name-collision-detector": "^2.1"
            },
            "type": "phpstan-extension",
            "extra": {
                "phpstan": {
                    "includes": [
                        "rules.neon"
                    ]
                }
            },
            "autoload": {
                "psr-4": {
                    "PHPStan\\": "src/"
                }
            },
            "notification-url": "https://packagist.org/downloads/",
            "license": [
                "MIT"
            ],
            "description": "PHPStan rules for detecting usage of deprecated classes, methods, properties, constants and traits.",
            "keywords": [
                "static analysis"
            ],
            "support": {
                "issues": "https://github.com/phpstan/phpstan-deprecation-rules/issues",
                "source": "https://github.com/phpstan/phpstan-deprecation-rules/tree/2.0.5"
            },
            "time": "2026-07-22T06:50:43+00:00"
        },
        {
            "name": "phpstan/phpstan-phpunit",
            "version": "2.0.18",
            "source": {
                "type": "git",
                "url": "https://github.com/phpstan/phpstan-phpunit.git",
                "reference": "f5dc20ff8082d02339b60cab68ec3eb0d859fb30"
            },
            "dist": {
                "type": "zip",
                "url": "https://api.github.com/repos/phpstan/phpstan-phpunit/zipball/f5dc20ff8082d02339b60cab68ec3eb0d859fb30",
                "reference": "f5dc20ff8082d02339b60cab68ec3eb0d859fb30",
                "shasum": ""
            },
            "require": {
                "phar-io/version": "^3.2",
                "php": "^7.4 || ^8.0",
                "phpstan/phpstan": "^2.2.3"
            },
            "conflict": {
                "phpunit/phpunit": "<7.0"
            },
            "require-dev": {
                "nikic/php-parser": "^5",
                "php-parallel-lint/php-parallel-lint": "^1.2",
                "phpstan/phpstan-deprecation-rules": "^2.0",
                "phpstan/phpstan-strict-rules": "^2.0",
                "phpunit/phpunit": "^9.6",
                "shipmonk/name-collision-detector": "^2.1"
            },
            "type": "phpstan-extension",
            "extra": {
                "phpstan": {
                    "includes": [
                        "extension.neon",
                        "rules.neon"
                    ]
                }
            },
            "autoload": {
                "psr-4": {
                    "PHPStan\\": "src/"
                }
            },
            "notification-url": "https://packagist.org/downloads/",
            "license": [
                "MIT"
            ],
            "description": "PHPUnit extensions and rules for PHPStan",
            "keywords": [
                "static analysis"
            ],
            "support": {
                "issues": "https://github.com/phpstan/phpstan-phpunit/issues",
                "source": "https://github.com/phpstan/phpstan-phpunit/tree/2.0.18"
            },
            "time": "2026-07-04T12:16:09+00:00"
        },
        {
            "name": "phpstan/phpstan-strict-rules",
            "version": "2.0.12",
            "source": {
                "type": "git",
                "url": "https://github.com/phpstan/phpstan-strict-rules.git",
                "reference": "2bc5ae19ae965663b62ac907ee6342c3903ec93b"
            },
            "dist": {
                "type": "zip",
                "url": "https://api.github.com/repos/phpstan/phpstan-strict-rules/zipball/2bc5ae19ae965663b62ac907ee6342c3903ec93b",
                "reference": "2bc5ae19ae965663b62ac907ee6342c3903ec93b",
                "shasum": ""
            },
            "require": {
                "php": "^7.4 || ^8.0",
                "phpstan/phpstan": "^2.1.52"
            },
            "require-dev": {
                "php-parallel-lint/php-parallel-lint": "^1.2",
                "phpstan/phpstan-deprecation-rules": "^2.0",
                "phpstan/phpstan-phpunit": "^2.0",
                "phpunit/phpunit": "^9.6",
                "shipmonk/name-collision-detector": "^2.1"
            },
            "type": "phpstan-extension",
            "extra": {
                "phpstan": {
                    "includes": [
                        "rules.neon"
                    ]
                }
            },
            "autoload": {
                "psr-4": {
                    "PHPStan\\": "src/"
                }
            },
            "notification-url": "https://packagist.org/downloads/",
            "license": [
                "MIT"
            ],
            "description": "Extra strict and opinionated rules for PHPStan",
            "keywords": [
                "static analysis"
            ],
            "support": {
                "issues": "https://github.com/phpstan/phpstan-strict-rules/issues",
                "source": "https://github.com/phpstan/phpstan-strict-rules/tree/2.0.12"
            },
            "time": "2026-07-19T07:24:06+00:00"
        },
        {
            "name": "spaze/phpstan-disallowed-calls",
            "version": "v4.14.0",
            "source": {
                "type": "git",
                "url": "https://github.com/spaze/phpstan-disallowed-calls.git",
                "reference": "90210a86e93e3a96f9a7fded9f5a8b3ee40925dd"
            },
            "dist": {
                "type": "zip",
                "url": "https://api.github.com/repos/spaze/phpstan-disallowed-calls/zipball/90210a86e93e3a96f9a7fded9f5a8b3ee40925dd",
                "reference": "90210a86e93e3a96f9a7fded9f5a8b3ee40925dd",
                "shasum": ""
            },
            "require": {
                "php": "^7.4 || ^8.0",
                "phpstan/phpstan": "^1.12.6 || ^2.0"
            },
            "require-dev": {
                "nette/neon": "^3.3.1",
                "php-parallel-lint/php-console-highlighter": "^1.0",
                "php-parallel-lint/php-parallel-lint": "^1.2",
                "phpstan/phpstan-deprecation-rules": "^1.2 || ^2.0",
                "phpunit/phpunit": "^9.6 || ^10.1 || ^11.0 || ^12.0 || ^13.0",
                "shipmonk/dead-code-detector": "^1.1",
                "spaze/coding-standard": "^1.8"
            },
            "type": "phpstan-extension",
            "extra": {
                "phpstan": {
                    "includes": [
                        "extension.neon"
                    ]
                }
            },
            "autoload": {
                "psr-4": {
                    "Spaze\\PHPStan\\Rules\\Disallowed\\": "src"
                }
            },
            "notification-url": "https://packagist.org/downloads/",
            "license": [
                "MIT"
            ],
            "authors": [
                {
                    "name": "Michal Špaček",
                    "email": "mail@michalspacek.cz",
                    "homepage": "https://www.michalspacek.cz"
                }
            ],
            "description": "PHPStan rules to detect disallowed method & function calls, constant, namespace, attribute, property & superglobal usages, with powerful rules to re-allow a call or a usage in places where it should be allowed.",
            "keywords": [
                "static analysis"
            ],
            "support": {
                "issues": "https://github.com/spaze/phpstan-disallowed-calls/issues",
                "source": "https://github.com/spaze/phpstan-disallowed-calls/tree/v4.14.0"
            },
            "funding": [
                {
                    "url": "https://github.com/spaze",
                    "type": "github"
                }
            ],
            "time": "2026-08-02T15:18:24+00:00"
        }
    ],
    "packages-dev": [],
    "aliases": [],
    "minimum-stability": "stable",
    "stability-flags": {},
    "prefer-stable": false,
    "prefer-lowest": false,
    "platform": {},
    "platform-dev": {},
    "platform-overrides": {
        "php": "8.1.31"
    },
    "plugin-api-version": "2.9.0"
}
